
Microsoft Visual Studio Solution File, Format Version 12.00
Project("{FAE04EC0-301F-11D3-BF4B-00C04F79EFBC}") = "AntlrParser8", "AntlrParser8\AntlrParser8.csproj", "{3E26C8C7-2FA0-4AE8-B93F-79147AD0160E}"
EndProject
Project("{FAE04EC0-301F-11D3-BF4B-00C04F79EFBC}") = "AntlrParser8.Tests", "AntlrParser8.Tests\AntlrParser8.Tests.csproj", "{89E0A5AF-EFE0-4F72-9F3A-B8E108DAFF83}"
EndProject
Global
	GlobalSection(SolutionConfigurationPlatforms) = preSolution
		Debug|Any CPU = Debug|Any CPU
		Release|Any CPU = Release|Any CPU
	EndGlobalSection
	GlobalSection(ProjectConfigurationPlatforms) = postSolution
		{3E26C8C7-2FA0-4AE8-B93F-79147AD0160E}.Debug|Any CPU.ActiveCfg = Debug|Any CPU
		{3E26C8C7-2FA0-4AE8-B93F-79147AD0160E}.Debug|Any CPU.Build.0 = Debug|Any CPU
		{3E26C8C7-2FA0-4AE8-B93F-79147AD0160E}.Release|Any CPU.ActiveCfg = Release|Any CPU
		{3E26C8C7-2FA0-4AE8-B93F-79147AD0160E}.Release|Any CPU.Build.0 = Release|Any CPU
		{89E0A5AF-EFE0-4F72-9F3A-B8E108DAFF83}.Debug|Any CPU.ActiveCfg = Debug|Any CPU
		{89E0A5AF-EFE0-4F72-9F3A-B8E108DAFF83}.Debug|Any CPU.Build.0 = Debug|Any CPU
		{89E0A5AF-EFE0-4F72-9F3A-B8E108DAFF83}.Release|Any CPU.ActiveCfg = Release|Any CPU
		{89E0A5AF-EFE0-4F72-9F3A-B8E108DAFF83}.Release|Any CPU.Build.0 = Release|Any CPU
	EndGlobalSection
EndGlobal
